
Microsoft Visual Studio Solution File, Format Version 12.00
# Visual Studio Version 17
VisualStudioVersion = 17.13.35919.96
MinimumVisualStudioVersion = 10.0.40219.1
Project("{FAE04EC0-301F-11D3-BF4B-00C04F79EFBC}") = "LibraryAPI", "LibraryAPI\LibraryAPI.csproj", "{81E68495-8E29-424A-833E-2A1D522D69E1}"
EndProject
Project("{FAE04EC0-301F-11D3-BF4B-00C04F79EFBC}") = "LibraryDomain", "LibraryDomain\LibraryDomain.csproj", "{A2500547-4923-4882-8F76-1D3426347941}"
EndProject
Project("{FAE04EC0-301F-11D3-BF4B-00C04F79EFBC}") = "LibraryInfrastructure", "LibraryInfrastructure\LibraryInfrastructure.csproj", "{D54F86F2-1132-4040-8F07-0FD24AF34120}"
EndProject
Project("{FAE04EC0-301F-11D3-BF4B-00C04F79EFBC}") = "LibraryApplication", "LibraryApplication\LibraryApplication.csproj", "{EB0680A6-51BE-4BA1-97BD-934FE73AAF6D}"
EndProject
Project("{FAE04EC0-301F-11D3-BF4B-00C04F79EFBC}") = "LibraryUI", "LibraryUI\LibraryUI.csproj", "{D5002488-7786-4A91-BC8C-8DA27073A9E9}"
EndProject
Global
	GlobalSection(SolutionConfigurationPlatforms) = preSolution
		Debug|Any CPU = Debug|Any CPU
		Release|Any CPU = Release|Any CPU
	EndGlobalSection
	GlobalSection(ProjectConfigurationPlatforms) = postSolution
		{81E68495-8E29-424A-833E-2A1D522D69E1}.Debug|Any CPU.ActiveCfg = Debug|Any CPU
		{81E68495-8E29-424A-833E-2A1D522D69E1}.Debug|Any CPU.Build.0 = Debug|Any CPU
		{81E68495-8E29-424A-833E-2A1D522D69E1}.Release|Any CPU.ActiveCfg = Release|Any CPU
		{81E68495-8E29-424A-833E-2A1D522D69E1}.Release|Any CPU.Build.0 = Release|Any CPU
		{A2500547-4923-4882-8F76-1D3426347941}.Debug|Any CPU.ActiveCfg = Debug|Any CPU
		{A2500547-4923-4882-8F76-1D3426347941}.Debug|Any CPU.Build.0 = Debug|Any CPU
		{A2500547-4923-4882-8F76-1D3426347941}.Release|Any CPU.ActiveCfg = Release|Any CPU
		{A2500547-4923-4882-8F76-1D3426347941}.Release|Any CPU.Build.0 = Release|Any CPU
		{D54F86F2-1132-4040-8F07-0FD24AF34120}.Debug|Any CPU.ActiveCfg = Debug|Any CPU
		{D54F86F2-1132-4040-8F07-0FD24AF34120}.Debug|Any CPU.Build.0 = Debug|Any CPU
		{D54F86F2-1132-4040-8F07-0FD24AF34120}.Release|Any CPU.ActiveCfg = Release|Any CPU
		{D54F86F2-1132-4040-8F07-0FD24AF34120}.Release|Any CPU.Build.0 = Release|Any CPU
		{EB0680A6-51BE-4BA1-97BD-934FE73AAF6D}.Debug|Any CPU.ActiveCfg = Debug|Any CPU
		{EB0680A6-51BE-4BA1-97BD-934FE73AAF6D}.Debug|Any CPU.Build.0 = Debug|Any CPU
		{EB0680A6-51BE-4BA1-97BD-934FE73AAF6D}.Release|Any CPU.ActiveCfg = Release|Any CPU
		{EB0680A6-51BE-4BA1-97BD-934FE73AAF6D}.Release|Any CPU.Build.0 = Release|Any CPU
		{D5002488-7786-4A91-BC8C-8DA27073A9E9}.Debug|Any CPU.ActiveCfg = Debug|Any CPU
		{D5002488-7786-4A91-BC8C-8DA27073A9E9}.Debug|Any CPU.Build.0 = Debug|Any CPU
		{D5002488-7786-4A91-BC8C-8DA27073A9E9}.Release|Any CPU.ActiveCfg = Release|Any CPU
		{D5002488-7786-4A91-BC8C-8DA27073A9E9}.Release|Any CPU.Build.0 = Release|Any CPU
	EndGlobalSection
	GlobalSection(SolutionProperties) = preSolution
		HideSolutionNode = FALSE
	EndGlobalSection
	GlobalSection(ExtensibilityGlobals) = postSolution
		SolutionGuid = {CC97DE8B-88AF-4B32-BA3E-FDB7B49B5A9E}
	EndGlobalSection
EndGlobal
